// !$*UTF8*$!
{
	archiveVersion = 1;
	classes = {
	};
	objectVersion = 50;
	objects = {

/* Begin PBXBuildFile section */
		4E02AC422478A3D100CF2F03 /* Invalidatable.swift in Sources */ = {isa = PBXBuildFile; fileRef = 4E02AC412478A3D100CF2F03 /* Invalidatable.swift */; };
		4E02AC442478BBBD00CF2F03 /* ReferenceEquatable.swift in Sources */ = {isa = PBXBuildFile; fileRef = 4E02AC432478BBBD00CF2F03 /* ReferenceEquatable.swift */; };
		4E02AC462478DBD800CF2F03 /* SecondMiniProject.swift in Sources */ = {isa = PBXBuildFile; fileRef = 4E02AC452478DBD800CF2F03 /* SecondMiniProject.swift */; };
		4E0A50742443D41800B6DA65 /* DescriptiveStringConvertible.swift in Sources */ = {isa = PBXBuildFile; fileRef = 4E0A50732443D41800B6DA65 /* DescriptiveStringConvertible.swift */; };
		4E0DD2F6244A990700EA5DF3 /* ManagedObjectMappable.swift in Sources */ = {isa = PBXBuildFile; fileRef = 4E0DD2F5244A990700EA5DF3 /* ManagedObjectMappable.swift */; };
		4E13119A244BC35F004357B6 /* FirstMiniProject.swift in Sources */ = {isa = PBXBuildFile; fileRef = 4E131199244BC35F004357B6 /* FirstMiniProject.swift */; };
		4E13119C244BC3A7004357B6 /* PersistenceManager.swift in Sources */ = {isa = PBXBuildFile; fileRef = 4E13119B244BC3A7004357B6 /* PersistenceManager.swift */; };
		4E13119E244BD4BF004357B6 /* .gitignore in Resources */ = {isa = PBXBuildFile; fileRef = 4E13119D244BD4BF004357B6 /* .gitignore */; };
		4E23F080244B925A00392471 /* PersistentClassExtension.swift in Sources */ = {isa = PBXBuildFile; fileRef = 4E23F07F244B925A00392471 /* PersistentClassExtension.swift */; };
		4EB3B43E248C98AD00D15039 /* AbstractClassProtocol.swift in Sources */ = {isa = PBXBuildFile; fileRef = 4EB3B43D248C98AD00D15039 /* AbstractClassProtocol.swift */; };
		4EB3B440248C9AD400D15039 /* OverlappingInheritance.swift in Sources */ = {isa = PBXBuildFile; fileRef = 4EB3B43F248C9AD400D15039 /* OverlappingInheritance.swift */; };
		4EB3B442248CA5E300D15039 /* Multiinheritance.swift in Sources */ = {isa = PBXBuildFile; fileRef = 4EB3B441248CA5E300D15039 /* Multiinheritance.swift */; };
		4EB3B444248CB03000D15039 /* AspectInheritance.swift in Sources */ = {isa = PBXBuildFile; fileRef = 4EB3B443248CB03000D15039 /* AspectInheritance.swift */; };
		4EB3B446248D0FF700D15039 /* DynamicInheritance.swift in Sources */ = {isa = PBXBuildFile; fileRef = 4EB3B445248D0FF700D15039 /* DynamicInheritance.swift */; };
		4EBFFB9E244239EB00B7D3CE /* AppDelegate.swift in Sources */ = {isa = PBXBuildFile; fileRef = 4EBFFB9D244239EB00B7D3CE /* AppDelegate.swift */; };
		4EBFFBA0244239EB00B7D3CE /* SceneDelegate.swift in Sources */ = {isa = PBXBuildFile; fileRef = 4EBFFB9F244239EB00B7D3CE /* SceneDelegate.swift */; };
		4EBFFBA3244239EB00B7D3CE /* VehicleRental.xcdatamodeld in Sources */ = {isa = PBXBuildFile; fileRef = 4EBFFBA1244239EB00B7D3CE /* VehicleRental.xcdatamodeld */; };
		4EBFFBA5244239EB00B7D3CE /* ContentView.swift in Sources */ = {isa = PBXBuildFile; fileRef = 4EBFFBA4244239EB00B7D3CE /* ContentView.swift */; };
		4EBFFBA7244239EE00B7D3CE /* Assets.xcassets in Resources */ = {isa = PBXBuildFile; fileRef = 4EBFFBA6244239EE00B7D3CE /* Assets.xcassets */; };
		4EBFFBAA244239EE00B7D3CE /* Preview Assets.xcassets in Resources */ = {isa = PBXBuildFile; fileRef = 4EBFFBA9244239EE00B7D3CE /* Preview Assets.xcassets */; };
		4EBFFBAD244239EE00B7D3CE /* LaunchScreen.storyboard in Resources */ = {isa = PBXBuildFile; fileRef = 4EBFFBAB244239EE00B7D3CE /* LaunchScreen.storyboard */; };
		4EBFFBB8244239EE00B7D3CE /* VehicleRentalTests.swift in Sources */ = {isa = PBXBuildFile; fileRef = 4EBFFBB7244239EE00B7D3CE /* VehicleRentalTests.swift */; };
		4EBFFBC3244239EE00B7D3CE /* VehicleRentalUITests.swift in Sources */ = {isa = PBXBuildFile; fileRef = 4EBFFBC2244239EE00B7D3CE /* VehicleRentalUITests.swift */; };
		4EBFFBD42442508B00B7D3CE /* Person.swift in Sources */ = {isa = PBXBuildFile; fileRef = 4EBFFBD32442508B00B7D3CE /* Person.swift */; };
		4EBFFBD6244256F000B7D3CE /* Customer.swift in Sources */ = {isa = PBXBuildFile; fileRef = 4EBFFBD5244256F000B7D3CE /* Customer.swift */; };
		4EBFFBD8244257ED00B7D3CE /* Employee.swift in Sources */ = {isa = PBXBuildFile; fileRef = 4EBFFBD7244257ED00B7D3CE /* Employee.swift */; };
		4EBFFBDA24425DEF00B7D3CE /* CustomerServiceEmployee.swift in Sources */ = {isa = PBXBuildFile; fileRef = 4EBFFBD924425DEF00B7D3CE /* CustomerServiceEmployee.swift */; };
		4EBFFBDC24426AF000B7D3CE /* Technician.swift in Sources */ = {isa = PBXBuildFile; fileRef = 4EBFFBDB24426AF000B7D3CE /* Technician.swift */; };
		4EBFFBE024426D4D00B7D3CE /* Vehicle.swift in Sources */ = {isa = PBXBuildFile; fileRef = 4EBFFBDF24426D4D00B7D3CE /* Vehicle.swift */; };
		4EBFFBE224427E0200B7D3CE /* CombustionEngineVehicle.swift in Sources */ = {isa = PBXBuildFile; fileRef = 4EBFFBE124427E0200B7D3CE /* CombustionEngineVehicle.swift */; };
		4EBFFBE424427E1B00B7D3CE /* ElectricEngineVehicle.swift in Sources */ = {isa = PBXBuildFile; fileRef = 4EBFFBE324427E1B00B7D3CE /* ElectricEngineVehicle.swift */; };
		4EBFFBE624427E3000B7D3CE /* HybridVehicle.swift in Sources */ = {isa = PBXBuildFile; fileRef = 4EBFFBE524427E3000B7D3CE /* HybridVehicle.swift */; };
		4EBFFBE82442808A00B7D3CE /* MotorcycleVehicle.swift in Sources */ = {isa = PBXBuildFile; fileRef = 4EBFFBE72442808A00B7D3CE /* MotorcycleVehicle.swift */; };
		4EBFFBEA2442821800B7D3CE /* AutomobileVehicle.swift in Sources */ = {isa = PBXBuildFile; fileRef = 4EBFFBE92442821800B7D3CE /* AutomobileVehicle.swift */; };
		4EBFFBED2442826F00B7D3CE /* Service.swift in Sources */ = {isa = PBXBuildFile; fileRef = 4EBFFBEC2442826F00B7D3CE /* Service.swift */; };
		4EBFFBEF244282C000B7D3CE /* BranchOffice.swift in Sources */ = {isa = PBXBuildFile; fileRef = 4EBFFBEE244282C000B7D3CE /* BranchOffice.swift */; };
		4EBFFBF1244283F500B7D3CE /* Rental.swift in Sources */ = {isa = PBXBuildFile; fileRef = 4EBFFBF0244283F500B7D3CE /* Rental.swift */; };
		4EBFFBF32442842500B7D3CE /* Invoice.swift in Sources */ = {isa = PBXBuildFile; fileRef = 4EBFFBF22442842500B7D3CE /* Invoice.swift */; };
		4EBFFBF52442864300B7D3CE /* InvoiceItem.swift in Sources */ = {isa = PBXBuildFile; fileRef = 4EBFFBF42442864300B7D3CE /* InvoiceItem.swift */; };
		4EBFFBF8244297D400B7D3CE /* Address.swift in Sources */ = {isa = PBXBuildFile; fileRef = 4EBFFBF7244297D400B7D3CE /* Address.swift */; };
		4EBFFBFB2443827800B7D3CE /* ClassExtension.swift in Sources */ = {isa = PBXBuildFile; fileRef = 4EBFFBFA2443827800B7D3CE /* ClassExtension.swift */; };
/* End PBXBuildFile section */

/* Begin PBXContainerItemProxy section */
		4EBFFBB4244239EE00B7D3CE /* PBXContainerItemProxy */ = {
			isa = PBXContainerItemProxy;
			containerPortal = 4EBFFB92244239EB00B7D3CE /* Project object */;
			proxyType = 1;
			remoteGlobalIDString = 4EBFFB99244239EB00B7D3CE;
			remoteInfo = VehicleRental;
		};
		4EBFFBBF244239EE00B7D3CE /* PBXContainerItemProxy */ = {
			isa = PBXContainerItemProxy;
			containerPortal = 4EBFFB92244239EB00B7D3CE /* Project object */;
			proxyType = 1;
			remoteGlobalIDString = 4EBFFB99244239EB00B7D3CE;
			remoteInfo = VehicleRental;
		};
/* End PBXContainerItemProxy section */

/* Begin PBXFileReference section */
		4E02AC412478A3D100CF2F03 /* Invalidatable.swift */ = {isa = PBXFileReference; lastKnownFileType = sourcecode.swift; path = Invalidatable.swift; sourceTree = "<group>"; };
		4E02AC432478BBBD00CF2F03 /* ReferenceEquatable.swift */ = {isa = PBXFileReference; lastKnownFileType = sourcecode.swift; path = ReferenceEquatable.swift; sourceTree = "<group>"; };
		4E02AC452478DBD800CF2F03 /* SecondMiniProject.swift */ = {isa = PBXFileReference; fileEncoding = 4; lastKnownFileType = sourcecode.swift; path = SecondMiniProject.swift; sourceTree = "<group>"; };
		4E0A50732443D41800B6DA65 /* DescriptiveStringConvertible.swift */ = {isa = PBXFileReference; lastKnownFileType = sourcecode.swift; path = DescriptiveStringConvertible.swift; sourceTree = "<group>"; };
		4E0DD2F5244A990700EA5DF3 /* ManagedObjectMappable.swift */ = {isa = PBXFileReference; lastKnownFileType = sourcecode.swift; path = ManagedObjectMappable.swift; sourceTree = "<group>"; };
		4E131199244BC35F004357B6 /* FirstMiniProject.swift */ = {isa = PBXFileReference; lastKnownFileType = sourcecode.swift; path = FirstMiniProject.swift; sourceTree = "<group>"; };
		4E13119B244BC3A7004357B6 /* PersistenceManager.swift */ = {isa = PBXFileReference; lastKnownFileType = sourcecode.swift; path = PersistenceManager.swift; sourceTree = "<group>"; };
		4E13119D244BD4BF004357B6 /* .gitignore */ = {isa = PBXFileReference; lastKnownFileType = text; path = .gitignore; sourceTree = "<group>"; };
		4E23F07F244B925A00392471 /* PersistentClassExtension.swift */ = {isa = PBXFileReference; lastKnownFileType = sourcecode.swift; path = PersistentClassExtension.swift; sourceTree = "<group>"; };
		4EB3B43D248C98AD00D15039 /* AbstractClassProtocol.swift */ = {isa = PBXFileReference; lastKnownFileType = sourcecode.swift; path = AbstractClassProtocol.swift; sourceTree = "<group>"; };
		4EB3B43F248C9AD400D15039 /* OverlappingInheritance.swift */ = {isa = PBXFileReference; lastKnownFileType = sourcecode.swift; path = OverlappingInheritance.swift; sourceTree = "<group>"; };
		4EB3B441248CA5E300D15039 /* Multiinheritance.swift */ = {isa = PBXFileReference; lastKnownFileType = sourcecode.swift; path = Multiinheritance.swift; sourceTree = "<group>"; };
		4EB3B443248CB03000D15039 /* AspectInheritance.swift */ = {isa = PBXFileReference; lastKnownFileType = sourcecode.swift; path = AspectInheritance.swift; sourceTree = "<group>"; };
		4EB3B445248D0FF700D15039 /* DynamicInheritance.swift */ = {isa = PBXFileReference; lastKnownFileType = sourcecode.swift; path = DynamicInheritance.swift; sourceTree = "<group>"; };
		4EBFFB9A244239EB00B7D3CE /* VehicleRental.app */ = {isa = PBXFileReference; explicitFileType = wrapper.application; includeInIndex = 0; path = VehicleRental.app; sourceTree = BUILT_PRODUCTS_DIR; };
		4EBFFB9D244239EB00B7D3CE /* AppDelegate.swift */ = {isa = PBXFileReference; lastKnownFileType = sourcecode.swift; path = AppDelegate.swift; sourceTree = "<group>"; };
		4EBFFB9F244239EB00B7D3CE /* SceneDelegate.swift */ = {isa = PBXFileReference; lastKnownFileType = sourcecode.swift; path = SceneDelegate.swift; sourceTree = "<group>"; };
		4EBFFBA2244239EB00B7D3CE /* VehicleRental.xcdatamodel */ = {isa = PBXFileReference; lastKnownFileType = wrapper.xcdatamodel; path = VehicleRental.xcdatamodel; sourceTree = "<group>"; };
		4EBFFBA4244239EB00B7D3CE /* ContentView.swift */ = {isa = PBXFileReference; lastKnownFileType = sourcecode.swift; path = ContentView.swift; sourceTree = "<group>"; };
		4EBFFBA6244239EE00B7D3CE /* Assets.xcassets */ = {isa = PBXFileReference; lastKnownFileType = folder.assetcatalog; path = Assets.xcassets; sourceTree = "<group>"; };
		4EBFFBA9244239EE00B7D3CE /* Preview Assets.xcassets */ = {isa = PBXFileReference; lastKnownFileType = folder.assetcatalog; path = "Preview Assets.xcassets"; sourceTree = "<group>"; };
		4EBFFBAC244239EE00B7D3CE /* Base */ = {isa = PBXFileReference; lastKnownFileType = file.storyboard; name = Base; path = Base.lproj/LaunchScreen.storyboard; sourceTree = "<group>"; };
		4EBFFBAE244239EE00B7D3CE /* Info.plist */ = {isa = PBXFileReference; lastKnownFileType = text.plist.xml; path = Info.plist; sourceTree = "<group>"; };
		4EBFFBB3244239EE00B7D3CE /* VehicleRentalTests.xctest */ = {isa = PBXFileReference; explicitFileType = wrapper.cfbundle; includeInIndex = 0; path = VehicleRentalTests.xctest; sourceTree = BUILT_PRODUCTS_DIR; };
		4EBFFBB7244239EE00B7D3CE /* VehicleRentalTests.swift */ = {isa = PBXFileReference; lastKnownFileType = sourcecode.swift; path = VehicleRentalTests.swift; sourceTree = "<group>"; };
		4EBFFBB9244239EE00B7D3CE /* Info.plist */ = {isa = PBXFileReference; lastKnownFileType = text.plist.xml; path = Info.plist; sourceTree = "<group>"; };
		4EBFFBBE244239EE00B7D3CE /* VehicleRentalUITests.xctest */ = {isa = PBXFileReference; explicitFileType = wrapper.cfbundle; includeInIndex = 0; path = VehicleRentalUITests.xctest; sourceTree = BUILT_PRODUCTS_DIR; };
		4EBFFBC2244239EE00B7D3CE /* VehicleRentalUITests.swift */ = {isa = PBXFileReference; lastKnownFileType = sourcecode.swift; path = VehicleRentalUITests.swift; sourceTree = "<group>"; };
		4EBFFBC4244239EE00B7D3CE /* Info.plist */ = {isa = PBXFileReference; lastKnownFileType = text.plist.xml; path = Info.plist; sourceTree = "<group>"; };
		4EBFFBD32442508B00B7D3CE /* Person.swift */ = {isa = PBXFileReference; lastKnownFileType = sourcecode.swift; path = Person.swift; sourceTree = "<group>"; };
		4EBFFBD5244256F000B7D3CE /* Customer.swift */ = {isa = PBXFileReference; lastKnownFileType = sourcecode.swift; path = Customer.swift; sourceTree = "<group>"; };
		4EBFFBD7244257ED00B7D3CE /* Employee.swift */ = {isa = PBXFileReference; lastKnownFileType = sourcecode.swift; path = Employee.swift; sourceTree = "<group>"; };
		4EBFFBD924425DEF00B7D3CE /* CustomerServiceEmployee.swift */ = {isa = PBXFileReference; lastKnownFileType = sourcecode.swift; path = CustomerServiceEmployee.swift; sourceTree = "<group>"; };
		4EBFFBDB24426AF000B7D3CE /* Technician.swift */ = {isa = PBXFileReference; lastKnownFileType = sourcecode.swift; path = Technician.swift; sourceTree = "<group>"; };
		4EBFFBDF24426D4D00B7D3CE /* Vehicle.swift */ = {isa = PBXFileReference; lastKnownFileType = sourcecode.swift; path = Vehicle.swift; sourceTree = "<group>"; };
		4EBFFBE124427E0200B7D3CE /* CombustionEngineVehicle.swift */ = {isa = PBXFileReference; lastKnownFileType = sourcecode.swift; path = CombustionEngineVehicle.swift; sourceTree = "<group>"; };
		4EBFFBE324427E1B00B7D3CE /* ElectricEngineVehicle.swift */ = {isa = PBXFileReference; lastKnownFileType = sourcecode.swift; path = ElectricEngineVehicle.swift; sourceTree = "<group>"; };
		4EBFFBE524427E3000B7D3CE /* HybridVehicle.swift */ = {isa = PBXFileReference; lastKnownFileType = sourcecode.swift; path = HybridVehicle.swift; sourceTree = "<group>"; };
		4EBFFBE72442808A00B7D3CE /* MotorcycleVehicle.swift */ = {isa = PBXFileReference; lastKnownFileType = sourcecode.swift; path = MotorcycleVehicle.swift; sourceTree = "<group>"; };
		4EBFFBE92442821800B7D3CE /* AutomobileVehicle.swift */ = {isa = PBXFileReference; lastKnownFileType = sourcecode.swift; path = AutomobileVehicle.swift; sourceTree = "<group>"; };
		4EBFFBEC2442826F00B7D3CE /* Service.swift */ = {isa = PBXFileReference; lastKnownFileType = sourcecode.swift; path = Service.swift; sourceTree = "<group>"; };
		4EBFFBEE244282C000B7D3CE /* BranchOffice.swift */ = {isa = PBXFileReference; lastKnownFileType = sourcecode.swift; path = BranchOffice.swift; sourceTree = "<group>"; };
		4EBFFBF0244283F500B7D3CE /* Rental.swift */ = {isa = PBXFileReference; lastKnownFileType = sourcecode.swift; path = Rental.swift; sourceTree = "<group>"; };
		4EBFFBF22442842500B7D3CE /* Invoice.swift */ = {isa = PBXFileReference; lastKnownFileType = sourcecode.swift; path = Invoice.swift; sourceTree = "<group>"; };
		4EBFFBF42442864300B7D3CE /* InvoiceItem.swift */ = {isa = PBXFileReference; lastKnownFileType = sourcecode.swift; path = InvoiceItem.swift; sourceTree = "<group>"; };
		4EBFFBF7244297D400B7D3CE /* Address.swift */ = {isa = PBXFileReference; lastKnownFileType = sourcecode.swift; path = Address.swift; sourceTree = "<group>"; };
		4EBFFBF92442A4CA00B7D3CE /* README.md */ = {isa = PBXFileReference; lastKnownFileType = net.daringfireball.markdown; path = README.md; sourceTree = "<group>"; };
		4EBFFBFA2443827800B7D3CE /* ClassExtension.swift */ = {isa = PBXFileReference; lastKnownFileType = sourcecode.swift; path = ClassExtension.swift; sourceTree = "<group>"; };
/* End PBXFileReference section */

/* Begin PBXFrameworksBuildPhase section */
		4EBFFB97244239EB00B7D3CE /* Frameworks */ = {
			isa = PBXFrameworksBuildPhase;
			buildActionMask = 2147483647;
			files = (
			);
			runOnlyForDeploymentPostprocessing = 0;
		};
		4EBFFBB0244239EE00B7D3CE /* Frameworks */ = {
			isa = PBXFrameworksBuildPhase;
			buildActionMask = 2147483647;
			files = (
			);
			runOnlyForDeploymentPostprocessing = 0;
		};
		4EBFFBBB244239EE00B7D3CE /* Frameworks */ = {
			isa = PBXFrameworksBuildPhase;
			buildActionMask = 2147483647;
			files = (
			);
			runOnlyForDeploymentPostprocessing = 0;
		};
/* End PBXFrameworksBuildPhase section */

/* Begin PBXGroup section */
		4E0A50752443D6DC00B6DA65 /* Utilities */ = {
			isa = PBXGroup;
			children = (
				4EBFFBFA2443827800B7D3CE /* ClassExtension.swift */,
				4E0A50732443D41800B6DA65 /* DescriptiveStringConvertible.swift */,
				4E0DD2F5244A990700EA5DF3 /* ManagedObjectMappable.swift */,
				4E23F07F244B925A00392471 /* PersistentClassExtension.swift */,
				4E02AC412478A3D100CF2F03 /* Invalidatable.swift */,
				4E02AC432478BBBD00CF2F03 /* ReferenceEquatable.swift */,
			);
			path = Utilities;
			sourceTree = "<group>";
		};
		4E0A50762443D72100B6DA65 /* Common */ = {
			isa = PBXGroup;
			children = (
				4EBFFBF7244297D400B7D3CE /* Address.swift */,
			);
			path = Common;
			sourceTree = "<group>";
		};
		4E131198244BC342004357B6 /* Miniprojects */ = {
			isa = PBXGroup;
			children = (
				4EB3B43C248C989500D15039 /* MP3 */,
				4E02AC452478DBD800CF2F03 /* SecondMiniProject.swift */,
				4E131199244BC35F004357B6 /* FirstMiniProject.swift */,
			);
			path = Miniprojects;
			sourceTree = "<group>";
		};
		4EB3B43C248C989500D15039 /* MP3 */ = {
			isa = PBXGroup;
			children = (
				4EB3B43D248C98AD00D15039 /* AbstractClassProtocol.swift */,
				4EB3B43F248C9AD400D15039 /* OverlappingInheritance.swift */,
				4EB3B441248CA5E300D15039 /* Multiinheritance.swift */,
				4EB3B443248CB03000D15039 /* AspectInheritance.swift */,
				4EB3B445248D0FF700D15039 /* DynamicInheritance.swift */,
			);
			path = MP3;
			sourceTree = "<group>";
		};
		4EBFFB91244239EB00B7D3CE = {
			isa = PBXGroup;
			children = (
				4E13119D244BD4BF004357B6 /* .gitignore */,
				4EBFFBF92442A4CA00B7D3CE /* README.md */,
				4EBFFB9C244239EB00B7D3CE /* VehicleRental */,
				4EBFFBB6244239EE00B7D3CE /* VehicleRentalTests */,
				4EBFFBC1244239EE00B7D3CE /* VehicleRentalUITests */,
				4EBFFB9B244239EB00B7D3CE /* Products */,
			);
			sourceTree = "<group>";
		};
		4EBFFB9B244239EB00B7D3CE /* Products */ = {
			isa = PBXGroup;
			children = (
				4EBFFB9A244239EB00B7D3CE /* VehicleRental.app */,
				4EBFFBB3244239EE00B7D3CE /* VehicleRentalTests.xctest */,
				4EBFFBBE244239EE00B7D3CE /* VehicleRentalUITests.xctest */,
			);
			name = Products;
			sourceTree = "<group>";
		};
		4EBFFB9C244239EB00B7D3CE /* VehicleRental */ = {
			isa = PBXGroup;
			children = (
				4E131198244BC342004357B6 /* Miniprojects */,
				4EBFFBD024424FD500B7D3CE /* Models */,
				4EBFFBD124424FE200B7D3CE /* Views */,
				4EBFFBD224424FE900B7D3CE /* Controllers */,
				4E0A50752443D6DC00B6DA65 /* Utilities */,
				4EBFFB9D244239EB00B7D3CE /* AppDelegate.swift */,
				4EBFFB9F244239EB00B7D3CE /* SceneDelegate.swift */,
				4EBFFBA4244239EB00B7D3CE /* ContentView.swift */,
				4EBFFBA6244239EE00B7D3CE /* Assets.xcassets */,
				4EBFFBAB244239EE00B7D3CE /* LaunchScreen.storyboard */,
				4EBFFBAE244239EE00B7D3CE /* Info.plist */,
				4EBFFBA1244239EB00B7D3CE /* VehicleRental.xcdatamodeld */,
				4E13119B244BC3A7004357B6 /* PersistenceManager.swift */,
				4EBFFBA8244239EE00B7D3CE /* Preview Content */,
			);
			path = VehicleRental;
			sourceTree = "<group>";
		};
		4EBFFBA8244239EE00B7D3CE /* Preview Content */ = {
			isa = PBXGroup;
			children = (
				4EBFFBA9244239EE00B7D3CE /* Preview Assets.xcassets */,
			);
			path = "Preview Content";
			sourceTree = "<group>";
		};
		4EBFFBB6244239EE00B7D3CE /* VehicleRentalTests */ = {
			isa = PBXGroup;
			children = (
				4EBFFBB7244239EE00B7D3CE /* VehicleRentalTests.swift */,
				4EBFFBB9244239EE00B7D3CE /* Info.plist */,
			);
			path = VehicleRentalTests;
			sourceTree = "<group>";
		};
		4EBFFBC1244239EE00B7D3CE /* VehicleRentalUITests */ = {
			isa = PBXGroup;
			children = (
				4EBFFBC2244239EE00B7D3CE /* VehicleRentalUITests.swift */,
				4EBFFBC4244239EE00B7D3CE /* Info.plist */,
			);
			path = VehicleRentalUITests;
			sourceTree = "<group>";
		};
		4EBFFBD024424FD500B7D3CE /* Models */ = {
			isa = PBXGroup;
			children = (
				4E0A50762443D72100B6DA65 /* Common */,
				4EBFFBDD24426D1B00B7D3CE /* People */,
				4EBFFBDE24426D2900B7D3CE /* Vehicles */,
				4EBFFBEB2442824100B7D3CE /* Operations */,
			);
			path = Models;
			sourceTree = "<group>";
		};
		4EBFFBD124424FE200B7D3CE /* Views */ = {
			isa = PBXGroup;
			children = (
			);
			path = Views;
			sourceTree = "<group>";
		};
		4EBFFBD224424FE900B7D3CE /* Controllers */ = {
			isa = PBXGroup;
			children = (
			);
			path = Controllers;
			sourceTree = "<group>";
		};
		4EBFFBDD24426D1B00B7D3CE /* People */ = {
			isa = PBXGroup;
			children = (
				4EBFFBD32442508B00B7D3CE /* Person.swift */,
				4EBFFBD5244256F000B7D3CE /* Customer.swift */,
				4EBFFBD7244257ED00B7D3CE /* Employee.swift */,
				4EBFFBD924425DEF00B7D3CE /* CustomerServiceEmployee.swift */,
				4EBFFBDB24426AF000B7D3CE /* Technician.swift */,
			);
			path = People;
			sourceTree = "<group>";
		};
		4EBFFBDE24426D2900B7D3CE /* Vehicles */ = {
			isa = PBXGroup;
			children = (
				4EBFFBDF24426D4D00B7D3CE /* Vehicle.swift */,
				4EBFFBE124427E0200B7D3CE /* CombustionEngineVehicle.swift */,
				4EBFFBE324427E1B00B7D3CE /* ElectricEngineVehicle.swift */,
				4EBFFBE524427E3000B7D3CE /* HybridVehicle.swift */,
				4EBFFBE72442808A00B7D3CE /* MotorcycleVehicle.swift */,
				4EBFFBE92442821800B7D3CE /* AutomobileVehicle.swift */,
			);
			path = Vehicles;
			sourceTree = "<group>";
		};
		4EBFFBEB2442824100B7D3CE /* Operations */ = {
			isa = PBXGroup;
			children = (
				4EBFFBEC2442826F00B7D3CE /* Service.swift */,
				4EBFFBEE244282C000B7D3CE /* BranchOffice.swift */,
				4EBFFBF0244283F500B7D3CE /* Rental.swift */,
				4EBFFBF22442842500B7D3CE /* Invoice.swift */,
				4EBFFBF42442864300B7D3CE /* InvoiceItem.swift */,
			);
			path = Operations;
			sourceTree = "<group>";
		};
/* End PBXGroup section */

/* Begin PBXNativeTarget section */
		4EBFFB99244239EB00B7D3CE /* VehicleRental */ = {
			isa = PBXNativeTarget;
			buildConfigurationList = 4EBFFBC7244239EE00B7D3CE /* Build configuration list for PBXNativeTarget "VehicleRental" */;
			buildPhases = (
				4EBFFB96244239EB00B7D3CE /* Sources */,
				4EBFFB97244239EB00B7D3CE /* Frameworks */,
				4EBFFB98244239EB00B7D3CE /* Resources */,
			);
			buildRules = (
			);
			dependencies = (
			);
			name = VehicleRental;
			productName = VehicleRental;
			productReference = 4EBFFB9A244239EB00B7D3CE /* VehicleRental.app */;
			productType = "com.apple.product-type.application";
		};
		4EBFFBB2244239EE00B7D3CE /* VehicleRentalTests */ = {
			isa = PBXNativeTarget;
			buildConfigurationList = 4EBFFBCA244239EE00B7D3CE /* Build configuration list for PBXNativeTarget "VehicleRentalTests" */;
			buildPhases = (
				4EBFFBAF244239EE00B7D3CE /* Sources */,
				4EBFFBB0244239EE00B7D3CE /* Frameworks */,
				4EBFFBB1244239EE00B7D3CE /* Resources */,
			);
			buildRules = (
			);
			dependencies = (
				4EBFFBB5244239EE00B7D3CE /* PBXTargetDependency */,
			);
			name = VehicleRentalTests;
			productName = VehicleRentalTests;
			productReference = 4EBFFBB3244239EE00B7D3CE /* VehicleRentalTests.xctest */;
			productType = "com.apple.product-type.bundle.unit-test";
		};
		4EBFFBBD244239EE00B7D3CE /* VehicleRentalUITests */ = {
			isa = PBXNativeTarget;
			buildConfigurationList = 4EBFFBCD244239EE00B7D3CE /* Build configuration list for PBXNativeTarget "VehicleRentalUITests" */;
			buildPhases = (
				4EBFFBBA244239EE00B7D3CE /* Sources */,
				4EBFFBBB244239EE00B7D3CE /* Frameworks */,
				4EBFFBBC244239EE00B7D3CE /* Resources */,
			);
			buildRules = (
			);
			dependencies = (
				4EBFFBC0244239EE00B7D3CE /* PBXTargetDependency */,
			);
			name = VehicleRentalUITests;
			productName = VehicleRentalUITests;
			productReference = 4EBFFBBE244239EE00B7D3CE /* VehicleRentalUITests.xctest */;
			productType = "com.apple.product-type.bundle.ui-testing";
		};
/* End PBXNativeTarget section */

/* Begin PBXProject section */
		4EBFFB92244239EB00B7D3CE /* Project object */ = {
			isa = PBXProject;
			attributes = {
				LastSwiftUpdateCheck = 1140;
				LastUpgradeCheck = 1140;
				ORGANIZATIONNAME = "Michał Dziewulski";
				TargetAttributes = {
					4EBFFB99244239EB00B7D3CE = {
						CreatedOnToolsVersion = 11.4;
					};
					4EBFFBB2244239EE00B7D3CE = {
						CreatedOnToolsVersion = 11.4;
						TestTargetID = 4EBFFB99244239EB00B7D3CE;
					};
					4EBFFBBD244239EE00B7D3CE = {
						CreatedOnToolsVersion = 11.4;
						TestTargetID = 4EBFFB99244239EB00B7D3CE;
					};
				};
			};
			buildConfigurationList = 4EBFFB95244239EB00B7D3CE /* Build configuration list for PBXProject "VehicleRental" */;
			compatibilityVersion = "Xcode 9.3";
			developmentRegion = en;
			hasScannedForEncodings = 0;
			knownRegions = (
				en,
				Base,
			);
			mainGroup = 4EBFFB91244239EB00B7D3CE;
			productRefGroup = 4EBFFB9B244239EB00B7D3CE /* Products */;
			projectDirPath = "";
			projectRoot = "";
			targets = (
				4EBFFB99244239EB00B7D3CE /* VehicleRental */,
				4EBFFBB2244239EE00B7D3CE /* VehicleRentalTests */,
				4EBFFBBD244239EE00B7D3CE /* VehicleRentalUITests */,
			);
		};
/* End PBXProject section */

/* Begin PBXResourcesBuildPhase section */
		4EBFFB98244239EB00B7D3CE /* Resources */ = {
			isa = PBXResourcesBuildPhase;
			buildActionMask = 2147483647;
			files = (
				4E13119E244BD4BF004357B6 /* .gitignore in Resources */,
				4EBFFBAD244239EE00B7D3CE /* LaunchScreen.storyboard in Resources */,
				4EBFFBAA244239EE00B7D3CE /* Preview Assets.xcassets in Resources */,
				4EBFFBA7244239EE00B7D3CE /* Assets.xcassets in Resources */,
			);
			runOnlyForDeploymentPostprocessing = 0;
		};
		4EBFFBB1244239EE00B7D3CE /* Resources */ = {
			isa = PBXResourcesBuildPhase;
			buildActionMask = 2147483647;
			files = (
			);
			runOnlyForDeploymentPostprocessing = 0;
		};
		4EBFFBBC244239EE00B7D3CE /* Resources */ = {
			isa = PBXResourcesBuildPhase;
			buildActionMask = 2147483647;
			files = (
			);
			runOnlyForDeploymentPostprocessing = 0;
		};
/* End PBXResourcesBuildPhase section */

/* Begin PBXSourcesBuildPhase section */
		4EBFFB96244239EB00B7D3CE /* Sources */ = {
			isa = PBXSourcesBuildPhase;
			buildActionMask = 2147483647;
			files = (
				4EBFFBD42442508B00B7D3CE /* Person.swift in Sources */,
				4EBFFB9E244239EB00B7D3CE /* AppDelegate.swift in Sources */,
				4EBFFBA0244239EB00B7D3CE /* SceneDelegate.swift in Sources */,
				4E13119A244BC35F004357B6 /* FirstMiniProject.swift in Sources */,
				4EBFFBE424427E1B00B7D3CE /* ElectricEngineVehicle.swift in Sources */,
				4EBFFBDA24425DEF00B7D3CE /* CustomerServiceEmployee.swift in Sources */,
				4EBFFBEF244282C000B7D3CE /* BranchOffice.swift in Sources */,
				4EBFFBF8244297D400B7D3CE /* Address.swift in Sources */,
				4E02AC462478DBD800CF2F03 /* SecondMiniProject.swift in Sources */,
				4EBFFBEA2442821800B7D3CE /* AutomobileVehicle.swift in Sources */,
				4E23F080244B925A00392471 /* PersistentClassExtension.swift in Sources */,
				4EBFFBE224427E0200B7D3CE /* CombustionEngineVehicle.swift in Sources */,
				4EBFFBD8244257ED00B7D3CE /* Employee.swift in Sources */,
				4EBFFBE82442808A00B7D3CE /* MotorcycleVehicle.swift in Sources */,
				4EB3B442248CA5E300D15039 /* Multiinheritance.swift in Sources */,
				4E0A50742443D41800B6DA65 /* DescriptiveStringConvertible.swift in Sources */,
				4E0DD2F6244A990700EA5DF3 /* ManagedObjectMappable.swift in Sources */,
				4E13119C244BC3A7004357B6 /* PersistenceManager.swift in Sources */,
				4EB3B446248D0FF700D15039 /* DynamicInheritance.swift in Sources */,
				4EBFFBED2442826F00B7D3CE /* Service.swift in Sources */,
				4EBFFBF32442842500B7D3CE /* Invoice.swift in Sources */,
				4EB3B440248C9AD400D15039 /* OverlappingInheritance.swift in Sources */,
				4EBFFBF1244283F500B7D3CE /* Rental.swift in Sources */,
				4EBFFBD6244256F000B7D3CE /* Customer.swift in Sources */,
				4EBFFBFB2443827800B7D3CE /* ClassExtension.swift in Sources */,
				4EB3B43E248C98AD00D15039 /* AbstractClassProtocol.swift in Sources */,
				4E02AC442478BBBD00CF2F03 /* ReferenceEquatable.swift in Sources */,
				4EBFFBA5244239EB00B7D3CE /* ContentView.swift in Sources */,
				4EBFFBA3244239EB00B7D3CE /* VehicleRental.xcdatamodeld in Sources */,
				4EB3B444248CB03000D15039 /* AspectInheritance.swift in Sources */,
				4EBFFBF52442864300B7D3CE /* InvoiceItem.swift in Sources */,
				4E02AC422478A3D100CF2F03 /* Invalidatable.swift in Sources */,
				4EBFFBE624427E3000B7D3CE /* HybridVehicle.swift in Sources */,
				4EBFFBE024426D4D00B7D3CE /* Vehicle.swift in Sources */,
				4EBFFBDC24426AF000B7D3CE /* Technician.swift in Sources */,
			);
			runOnlyForDeploymentPostprocessing = 0;
		};
		4EBFFBAF244239EE00B7D3CE /* Sources */ = {
			isa = PBXSourcesBuildPhase;
			buildActionMask = 2147483647;
			files = (
				4EBFFBB8244239EE00B7D3CE /* VehicleRentalTests.swift in Sources */,
			);
			runOnlyForDeploymentPostprocessing = 0;
		};
		4EBFFBBA244239EE00B7D3CE /* Sources */ = {
			isa = PBXSourcesBuildPhase;
			buildActionMask = 2147483647;
			files = (
				4EBFFBC3244239EE00B7D3CE /* VehicleRentalUITests.swift in Sources */,
			);
			runOnlyForDeploymentPostprocessing = 0;
		};
/* End PBXSourcesBuildPhase section */

/* Begin PBXTargetDependency section */
		4EBFFBB5244239EE00B7D3CE /* PBXTargetDependency */ = {
			isa = PBXTargetDependency;
			target = 4EBFFB99244239EB00B7D3CE /* VehicleRental */;
			targetProxy = 4EBFFBB4244239EE00B7D3CE /* PBXContainerItemProxy */;
		};
		4EBFFBC0244239EE00B7D3CE /* PBXTargetDependency */ = {
			isa = PBXTargetDependency;
			target = 4EBFFB99244239EB00B7D3CE /* VehicleRental */;
			targetProxy = 4EBFFBBF244239EE00B7D3CE /* PBXContainerItemProxy */;
		};
/* End PBXTargetDependency section */

/* Begin PBXVariantGroup section */
		4EBFFBAB244239EE00B7D3CE /* LaunchScreen.storyboard */ = {
			isa = PBXVariantGroup;
			children = (
				4EBFFBAC244239EE00B7D3CE /* Base */,
			);
			name = LaunchScreen.storyboard;
			sourceTree = "<group>";
		};
/* End PBXVariantGroup section */

/* Begin XCBuildConfiguration section */
		4EBFFBC5244239EE00B7D3CE /* Debug */ = {
			isa = XCBuildConfiguration;
			buildSettings = {
				ALWAYS_SEARCH_USER_PATHS = NO;
				CLANG_ANALYZER_NONNULL = YES;
				CLANG_ANALYZER_NUMBER_OBJECT_CONVERSION = YES_AGGRESSIVE;
				CLANG_CXX_LANGUAGE_STANDARD = "gnu++14";
				CLANG_CXX_LIBRARY = "libc++";
				CLANG_ENABLE_MODULES = YES;
				CLANG_ENABLE_OBJC_ARC = YES;
				CLANG_ENABLE_OBJC_WEAK = YES;
				CLANG_WARN_BLOCK_CAPTURE_AUTORELEASING = YES;
				CLANG_WARN_BOOL_CONVERSION = YES;
				CLANG_WARN_COMMA = YES;
				CLANG_WARN_CONSTANT_CONVERSION = YES;
				CLANG_WARN_DEPRECATED_OBJC_IMPLEMENTATIONS = YES;
				CLANG_WARN_DIRECT_OBJC_ISA_USAGE = YES_ERROR;
				CLANG_WARN_DOCUMENTATION_COMMENTS = YES;
				CLANG_WARN_EMPTY_BODY = YES;
				CLANG_WARN_ENUM_CONVERSION = YES;
				CLANG_WARN_INFINITE_RECURSION = YES;
				CLANG_WARN_INT_CONVERSION = YES;
				CLANG_WARN_NON_LITERAL_NULL_CONVERSION = YES;
				CLANG_WARN_OBJC_IMPLICIT_RETAIN_SELF = YES;
				CLANG_WARN_OBJC_LITERAL_CONVERSION = YES;
				CLANG_WARN_OBJC_ROOT_CLASS = YES_ERROR;
				CLANG_WARN_RANGE_LOOP_ANALYSIS = YES;
				CLANG_WARN_STRICT_PROTOTYPES = YES;
				CLANG_WARN_SUSPICIOUS_MOVE = YES;
				CLANG_WARN_UNGUARDED_AVAILABILITY = YES_AGGRESSIVE;
				CLANG_WARN_UNREACHABLE_CODE = YES;
				CLANG_WARN__DUPLICATE_METHOD_MATCH = YES;
				COPY_PHASE_STRIP = NO;
				DEBUG_INFORMATION_FORMAT = dwarf;
				ENABLE_STRICT_OBJC_MSGSEND = YES;
				ENABLE_TESTABILITY = YES;
				GCC_C_LANGUAGE_STANDARD = gnu11;
				GCC_DYNAMIC_NO_PIC = NO;
				GCC_NO_COMMON_BLOCKS = YES;
				GCC_OPTIMIZATION_LEVEL = 0;
				GCC_PREPROCESSOR_DEFINITIONS = (
					"DEBUG=1",
					"$(inherited)",
				);
				GCC_WARN_64_TO_32_BIT_CONVERSION = YES;
				GCC_WARN_ABOUT_RETURN_TYPE = YES_ERROR;
				GCC_WARN_UNDECLARED_SELECTOR = YES;
				GCC_WARN_UNINITIALIZED_AUTOS = YES_AGGRESSIVE;
				GCC_WARN_UNUSED_FUNCTION = YES;
				GCC_WARN_UNUSED_VARIABLE = YES;
				IPHONEOS_DEPLOYMENT_TARGET = 13.4;
				MTL_ENABLE_DEBUG_INFO = INCLUDE_SOURCE;
				MTL_FAST_MATH = YES;
				ONLY_ACTIVE_ARCH = YES;
				SDKROOT = iphoneos;
				SWIFT_ACTIVE_COMPILATION_CONDITIONS = DEBUG;
				SWIFT_OPTIMIZATION_LEVEL = "-Onone";
			};
			name = Debug;
		};
		4EBFFBC6244239EE00B7D3CE /* Release */ = {
			isa = XCBuildConfiguration;
			buildSettings = {
				ALWAYS_SEARCH_USER_PATHS = NO;
				CLANG_ANALYZER_NONNULL = YES;
				CLANG_ANALYZER_NUMBER_OBJECT_CONVERSION = YES_AGGRESSIVE;
				CLANG_CXX_LANGUAGE_STANDARD = "gnu++14";
				CLANG_CXX_LIBRARY = "libc++";
				CLANG_ENABLE_MODULES = YES;
				CLANG_ENABLE_OBJC_ARC = YES;
				CLANG_ENABLE_OBJC_WEAK = YES;
				CLANG_WARN_BLOCK_CAPTURE_AUTORELEASING = YES;
				CLANG_WARN_BOOL_CONVERSION = YES;
				CLANG_WARN_COMMA = YES;
				CLANG_WARN_CONSTANT_CONVERSION = YES;
				CLANG_WARN_DEPRECATED_OBJC_IMPLEMENTATIONS = YES;
				CLANG_WARN_DIRECT_OBJC_ISA_USAGE = YES_ERROR;
				CLANG_WARN_DOCUMENTATION_COMMENTS = YES;
				CLANG_WARN_EMPTY_BODY = YES;
				CLANG_WARN_ENUM_CONVERSION = YES;
				CLANG_WARN_INFINITE_RECURSION = YES;
				CLANG_WARN_INT_CONVERSION = YES;
				CLANG_WARN_NON_LITERAL_NULL_CONVERSION = YES;
				CLANG_WARN_OBJC_IMPLICIT_RETAIN_SELF = YES;
				CLANG_WARN_OBJC_LITERAL_CONVERSION = YES;
				CLANG_WARN_OBJC_ROOT_CLASS = YES_ERROR;
				CLANG_WARN_RANGE_LOOP_ANALYSIS = YES;
				CLANG_WARN_STRICT_PROTOTYPES = YES;
				CLANG_WARN_SUSPICIOUS_MOVE = YES;
				CLANG_WARN_UNGUARDED_AVAILABILITY = YES_AGGRESSIVE;
				CLANG_WARN_UNREACHABLE_CODE = YES;
				CLANG_WARN__DUPLICATE_METHOD_MATCH = YES;
				COPY_PHASE_STRIP = NO;
				DEBUG_INFORMATION_FORMAT = "dwarf-with-dsym";
				ENABLE_NS_ASSERTIONS = NO;
				ENABLE_STRICT_OBJC_MSGSEND = YES;
				GCC_C_LANGUAGE_STANDARD = gnu11;
				GCC_NO_COMMON_BLOCKS = YES;
				GCC_WARN_64_TO_32_BIT_CONVERSION = YES;
				GCC_WARN_ABOUT_RETURN_TYPE = YES_ERROR;
				GCC_WARN_UNDECLARED_SELECTOR = YES;
				GCC_WARN_UNINITIALIZED_AUTOS = YES_AGGRESSIVE;
				GCC_WARN_UNUSED_FUNCTION = YES;
				GCC_WARN_UNUSED_VARIABLE = YES;
				IPHONEOS_DEPLOYMENT_TARGET = 13.4;
				MTL_ENABLE_DEBUG_INFO = NO;
				MTL_FAST_MATH = YES;
				SDKROOT = iphoneos;
				SWIFT_COMPILATION_MODE = wholemodule;
				SWIFT_OPTIMIZATION_LEVEL = "-O";
				VALIDATE_PRODUCT = YES;
			};
			name = Release;
		};
		4EBFFBC8244239EE00B7D3CE /* Debug */ = {
			isa = XCBuildConfiguration;
			buildSettings = {
				ASSETCATALOG_COMPILER_APPICON_NAME = AppIcon;
				CODE_SIGN_STYLE = Automatic;
				DEVELOPMENT_ASSET_PATHS = "\"VehicleRental/Preview Content\"";
				DEVELOPMENT_TEAM = MLWVFW33RV;
				ENABLE_PREVIEWS = YES;
				INFOPLIST_FILE = VehicleRental/Info.plist;
				LD_RUNPATH_SEARCH_PATHS = (
					"$(inherited)",
					"@executable_path/Frameworks",
				);
				PRODUCT_BUNDLE_IDENTIFIER = com.mdevv.VehicleRental;
				PRODUCT_NAME = "$(TARGET_NAME)";
				SWIFT_VERSION = 5.0;
				TARGETED_DEVICE_FAMILY = "1,2";
			};
			name = Debug;
		};
		4EBFFBC9244239EE00B7D3CE /* Release */ = {
			isa = XCBuildConfiguration;
			buildSettings = {
				ASSETCATALOG_COMPILER_APPICON_NAME = AppIcon;
				CODE_SIGN_STYLE = Automatic;
				DEVELOPMENT_ASSET_PATHS = "\"VehicleRental/Preview Content\"";
				DEVELOPMENT_TEAM = MLWVFW33RV;
				ENABLE_PREVIEWS = YES;
				INFOPLIST_FILE = VehicleRental/Info.plist;
				LD_RUNPATH_SEARCH_PATHS = (
					"$(inherited)",
					"@executable_path/Frameworks",
				);
				PRODUCT_BUNDLE_IDENTIFIER = com.mdevv.VehicleRental;
				PRODUCT_NAME = "$(TARGET_NAME)";
				SWIFT_VERSION = 5.0;
				TARGETED_DEVICE_FAMILY = "1,2";
			};
			name = Release;
		};
		4EBFFBCB244239EE00B7D3CE /* Debug */ = {
			isa = XCBuildConfiguration;
			buildSettings = {
				ALWAYS_EMBED_SWIFT_STANDARD_LIBRARIES = YES;
				BUNDLE_LOADER = "$(TEST_HOST)";
				CODE_SIGN_STYLE = Automatic;
				DEVELOPMENT_TEAM = MLWVFW33RV;
				INFOPLIST_FILE = VehicleRentalTests/Info.plist;
				IPHONEOS_DEPLOYMENT_TARGET = 13.4;
				LD_RUNPATH_SEARCH_PATHS = (
					"$(inherited)",
					"@executable_path/Frameworks",
					"@loader_path/Frameworks",
				);
				PRODUCT_BUNDLE_IDENTIFIER = com.mdevv.VehicleRentalTests;
				PRODUCT_NAME = "$(TARGET_NAME)";
				SWIFT_VERSION = 5.0;
				TARGETED_DEVICE_FAMILY = "1,2";
				TEST_HOST = "$(BUILT_PRODUCTS_DIR)/VehicleRental.app/VehicleRental";
			};
			name = Debug;
		};
		4EBFFBCC244239EE00B7D3CE /* Release */ = {
			isa = XCBuildConfiguration;
			buildSettings = {
				ALWAYS_EMBED_SWIFT_STANDARD_LIBRARIES = YES;
				BUNDLE_LOADER = "$(TEST_HOST)";
				CODE_SIGN_STYLE = Automatic;
				DEVELOPMENT_TEAM = MLWVFW33RV;
				INFOPLIST_FILE = VehicleRentalTests/Info.plist;
				IPHONEOS_DEPLOYMENT_TARGET = 13.4;
				LD_RUNPATH_SEARCH_PATHS = (
					"$(inherited)",
					"@executable_path/Frameworks",
					"@loader_path/Frameworks",
				);
				PRODUCT_BUNDLE_IDENTIFIER = com.mdevv.VehicleRentalTests;
				PRODUCT_NAME = "$(TARGET_NAME)";
				SWIFT_VERSION = 5.0;
				TARGETED_DEVICE_FAMILY = "1,2";
				TEST_HOST = "$(BUILT_PRODUCTS_DIR)/VehicleRental.app/VehicleRental";
			};
			name = Release;
		};
		4EBFFBCE244239EE00B7D3CE /* Debug */ = {
			isa = XCBuildConfiguration;
			buildSettings = {
				ALWAYS_EMBED_SWIFT_STANDARD_LIBRARIES = YES;
				CODE_SIGN_STYLE = Automatic;
				DEVELOPMENT_TEAM = MLWVFW33RV;
				INFOPLIST_FILE = VehicleRentalUITests/Info.plist;
				LD_RUNPATH_SEARCH_PATHS = (
					"$(inherited)",
					"@executable_path/Frameworks",
					"@loader_path/Frameworks",
				);
				PRODUCT_BUNDLE_IDENTIFIER = com.mdevv.VehicleRentalUITests;
				PRODUCT_NAME = "$(TARGET_NAME)";
				SWIFT_VERSION = 5.0;
				TARGETED_DEVICE_FAMILY = "1,2";
				TEST_TARGET_NAME = VehicleRental;
			};
			name = Debug;
		};
		4EBFFBCF244239EE00B7D3CE /* Release */ = {
			isa = XCBuildConfiguration;
			buildSettings = {
				ALWAYS_EMBED_SWIFT_STANDARD_LIBRARIES = YES;
				CODE_SIGN_STYLE = Automatic;
				DEVELOPMENT_TEAM = MLWVFW33RV;
				INFOPLIST_FILE = VehicleRentalUITests/Info.plist;
				LD_RUNPATH_SEARCH_PATHS = (
					"$(inherited)",
					"@executable_path/Frameworks",
					"@loader_path/Frameworks",
				);
				PRODUCT_BUNDLE_IDENTIFIER = com.mdevv.VehicleRentalUITests;
				PRODUCT_NAME = "$(TARGET_NAME)";
				SWIFT_VERSION = 5.0;
				TARGETED_DEVICE_FAMILY = "1,2";
				TEST_TARGET_NAME = VehicleRental;
			};
			name = Release;
		};
/* End XCBuildConfiguration section */

/* Begin XCConfigurationList section */
		4EBFFB95244239EB00B7D3CE /* Build configuration list for PBXProject "VehicleRental" */ = {
			isa = XCConfigurationList;
			buildConfigurations = (
				4EBFFBC5244239EE00B7D3CE /* Debug */,
				4EBFFBC6244239EE00B7D3CE /* Release */,
			);
			defaultConfigurationIsVisible = 0;
			defaultConfigurationName = Release;
		};
		4EBFFBC7244239EE00B7D3CE /* Build configuration list for PBXNativeTarget "VehicleRental" */ = {
			isa = XCConfigurationList;
			buildConfigurations = (
				4EBFFBC8244239EE00B7D3CE /* Debug */,
				4EBFFBC9244239EE00B7D3CE /* Release */,
			);
			defaultConfigurationIsVisible = 0;
			defaultConfigurationName = Release;
		};
		4EBFFBCA244239EE00B7D3CE /* Build configuration list for PBXNativeTarget "VehicleRentalTests" */ = {
			isa = XCConfigurationList;
			buildConfigurations = (
				4EBFFBCB244239EE00B7D3CE /* Debug */,
				4EBFFBCC244239EE00B7D3CE /* Release */,
			);
			defaultConfigurationIsVisible = 0;
			defaultConfigurationName = Release;
		};
		4EBFFBCD244239EE00B7D3CE /* Build configuration list for PBXNativeTarget "VehicleRentalUITests" */ = {
			isa = XCConfigurationList;
			buildConfigurations = (
				4EBFFBCE244239EE00B7D3CE /* Debug */,
				4EBFFBCF244239EE00B7D3CE /* Release */,
			);
			defaultConfigurationIsVisible = 0;
			defaultConfigurationName = Release;
		};
/* End XCConfigurationList section */

/* Begin XCVersionGroup section */
		4EBFFBA1244239EB00B7D3CE /* VehicleRental.xcdatamodeld */ = {
			isa = XCVersionGroup;
			children = (
				4EBFFBA2244239EB00B7D3CE /* VehicleRental.xcdatamodel */,
			);
			currentVersion = 4EBFFBA2244239EB00B7D3CE /* VehicleRental.xcdatamodel */;
			path = VehicleRental.xcdatamodeld;
			sourceTree = "<group>";
			versionGroupType = wrapper.xcdatamodel;
		};
/* End XCVersionGroup section */
	};
	rootObject = 4EBFFB92244239EB00B7D3CE /* Project object */;
}
